
Microsoft Visual Studio Solution File, Format Version 12.00
# Visual Studio Version 17
VisualStudioVersion = 17.4.33213.308
MinimumVisualStudioVersion = 10.0.40219.1
Project("{FAE04EC0-301F-11D3-BF4B-00C04F79EFBC}") = "CodeGenerator", "CodeGenerator\CodeGenerator.csproj", "{F4AF24A3-AB93-45E8-8DB2-E9A6F15798DB}"
EndProject
Global
	GlobalSection(SolutionConfigurationPlatforms) = preSolution
		Debug|Any CPU = Debug|Any CPU
		Release|Any CPU = Release|Any CPU
	EndGlobalSection
	GlobalSection(ProjectConfigurationPlatforms) = postSolution
		{F4AF24A3-AB93-45E8-8DB2-E9A6F15798DB}.Debug|Any CPU.ActiveCfg = Debug|Any CPU
		{F4AF24A3-AB93-45E8-8DB2-E9A6F15798DB}.Debug|Any CPU.Build.0 = Debug|Any CPU
		{F4AF24A3-AB93-45E8-8DB2-E9A6F15798DB}.Release|Any CPU.ActiveCfg = Release|Any CPU
		{F4AF24A3-AB93-45E8-8DB2-E9A6F15798DB}.Release|Any CPU.Build.0 = Release|Any CPU
	EndGlobalSection
	GlobalSection(SolutionProperties) = preSolution
		HideSolutionNode = FALSE
	EndGlobalSection
	GlobalSection(ExtensibilityGlobals) = postSolution
		SolutionGuid = {2A038495-DE53-43A0-ADF3-01CA6BC8AB15}
	EndGlobalSection
EndGlobal
